
Microsoft Visual Studio Solution File, Format Version 12.00
# Visual Studio Version 17
VisualStudioVersion = 17.3.32819.101
MinimumVisualStudioVersion = 10.0.40219.1
Project("{FAE04EC0-301F-11D3-BF4B-00C04F79EFBC}") = "UseWhen", "UseWhen\UseWhen.csproj", "{8941EFF5-0028-4F11-AD9D-511DBA3981C3}"
EndProject
Global
	GlobalSection(SolutionConfigurationPlatforms) = preSolution
		Debug|Any CPU = Debug|Any CPU
		Release|Any CPU = Release|Any CPU
	EndGlobalSection
	GlobalSection(ProjectConfigurationPlatforms) = postSolution
		{8941EFF5-0028-4F11-AD9D-511DBA3981C3}.Debug|Any CPU.ActiveCfg = Debug|Any CPU
		{8941EFF5-0028-4F11-AD9D-511DBA3981C3}.Debug|Any CPU.Build.0 = Debug|Any CPU
		{8941EFF5-0028-4F11-AD9D-511DBA3981C3}.Release|Any CPU.ActiveCfg = Release|Any CPU
		{8941EFF5-0028-4F11-AD9D-511DBA3981C3}.Release|Any CPU.Build.0 = Release|Any CPU
	EndGlobalSection
	GlobalSection(SolutionProperties) = preSolution
		HideSolutionNode = FALSE
	EndGlobalSection
	GlobalSection(ExtensibilityGlobals) = postSolution
		SolutionGuid = {F45A66E1-BDC0-49DE-B9D6-A4014A19C89F}
	EndGlobalSection
EndGlobal
